<?xml version="1.0" encoding="utf-8"?>
<Project ToolsVersion="17.0" xmlns="http://schemas.microsoft.com/developer/msbuild/2003">
  <ItemGroup>
    <CustomBuild Include="C:\Users\gabii\Epita\Path-Tracer\CMakeFiles\09289d7488e37fa75b4b18342419f79c\generate.stamp.rule">
      <Filter>CMake Rules</Filter>
    </CustomBuild>
  </ItemGroup>
  <ItemGroup>
    <Filter Include="CMake Rules">
      <UniqueIdentifier>{3F4A13AE-AE31-3AC0-B3DC-A81BD5588A2A}</UniqueIdentifier>
    </Filter>
  </ItemGroup>
</Project>
